
Microsoft Visual Studio Solution File, Format Version 12.00
# Visual Studio Version 17
VisualStudioVersion = 17.14.37111.16 d17.14
MinimumVisualStudioVersion = 10.0.40219.1
Project("{FAE04EC0-301F-11D3-BF4B-00C04F79EFBC}") = "laba 5", "laba 5.csproj", "{AE8912FC-7822-4D5D-B17A-5FC673F22842}"
EndProject
Global
	GlobalSection(SolutionConfigurationPlatforms) = preSolution
		Debug|Any CPU = Debug|Any CPU
		Release|Any CPU = Release|Any CPU
	EndGlobalSection
	GlobalSection(ProjectConfigurationPlatforms) = postSolution
		{AE8912FC-7822-4D5D-B17A-5FC673F22842}.Debug|Any CPU.ActiveCfg = Debug|Any CPU
		{AE8912FC-7822-4D5D-B17A-5FC673F22842}.Debug|Any CPU.Build.0 = Debug|Any CPU
		{AE8912FC-7822-4D5D-B17A-5FC673F22842}.Release|Any CPU.ActiveCfg = Release|Any CPU
		{AE8912FC-7822-4D5D-B17A-5FC673F22842}.Release|Any CPU.Build.0 = Release|Any CPU
	EndGlobalSection
	GlobalSection(SolutionProperties) = preSolution
		HideSolutionNode = FALSE
	EndGlobalSection
	GlobalSection(ExtensibilityGlobals) = postSolution
		SolutionGuid = {44AE4837-AB22-45A4-A957-B2A391A63BE9}
	EndGlobalSection
EndGlobal
